{
  "version": 4,
  "terraform_version": "1.8.5",
  "serial": 1,
  "lineage": "28644603-ed30-fb38-5b4e-3816860c255c",
  "outputs": {},
  "resources": [
    {
      "mode": "managed",
      "type": "aws_vpc",
      "name": "vpc_test",
      "provider": "provider[\"registry.terraform.io/hashicorp/aws\"]",
      "instances": [
        {
          "schema_version": 1,
          "attributes": {
            "arn": "arn:aws:ec2:ca-central-1:866940357665:vpc/vpc-0021d359b19dea985",
            "assign_generated_ipv6_cidr_block": false,
            "cidr_block": "10.0.0.0/16",
            "default_network_acl_id": "acl-0ed89900eca364ad0",
            "default_route_table_id": "rtb-081e0dbc8c97036df",
            "default_security_group_id": "sg-00ef666de372d05f9",
            "dhcp_options_id": "dopt-0d9819a33d0f3c84f",
            "enable_dns_hostnames": false,
            "enable_dns_support": true,
            "enable_network_address_usage_metrics": false,
            "id": "vpc-0021d359b19dea985",
            "instance_tenancy": "default",
            "ipv4_ipam_pool_id": null,
            "ipv4_netmask_length": null,
            "ipv6_association_id": "",
            "ipv6_cidr_block": "",
            "ipv6_cidr_block_network_border_group": "",
            "ipv6_ipam_pool_id": "",
            "ipv6_netmask_length": 0,
            "main_route_table_id": "rtb-081e0dbc8c97036df",
            "owner_id": "866940357665",
            "tags": null,
            "tags_all": {}
          },
          "sensitive_attributes": [],
          "private": "eyJzY2hlbWFfdmVyc2lvbiI6IjEifQ=="
        }
      ]
    }
  ],
  "check_results": null
}
